
Microsoft Visual Studio Solution File, Format Version 12.00
# Visual Studio 2012
Project("{FAE04EC0-301F-11D3-BF4B-00C04F79EFBC}") = "LetsGO", "LetsGO\LetsGO.csproj", "{CBAC2CE6-CA35-4265-9FF3-7B9F5500CA6E}"
EndProject
Project("{FAE04EC0-301F-11D3-BF4B-00C04F79EFBC}") = "LetsGO.iOS", "iOS\LetsGO.iOS.csproj", "{829F6691-E872-41C9-9933-D76FCA00E2B0}"
EndProject
Project("{FAE04EC0-301F-11D3-BF4B-00C04F79EFBC}") = "LetsGO.Droid", "Droid\LetsGO.Droid.csproj", "{997F63EF-D218-418E-9E85-70FF323A206F}"
EndProject
Global
	GlobalSection(SolutionConfigurationPlatforms) = preSolution
		Debug|Any CPU = Debug|Any CPU
		Release|Any CPU = Release|Any CPU
		Debug|iPhoneSimulator = Debug|iPhoneSimulator
		Release|iPhone = Release|iPhone
		Release|iPhoneSimulator = Release|iPhoneSimulator
		Debug|iPhone = Debug|iPhone
	EndGlobalSection
	GlobalSection(ProjectConfigurationPlatforms) = postSolution
		{CBAC2CE6-CA35-4265-9FF3-7B9F5500CA6E}.Debug|Any CPU.ActiveCfg = Debug|Any CPU
		{CBAC2CE6-CA35-4265-9FF3-7B9F5500CA6E}.Debug|Any CPU.Build.0 = Debug|Any CPU
		{CBAC2CE6-CA35-4265-9FF3-7B9F5500CA6E}.Release|Any CPU.ActiveCfg = Release|Any CPU
		{CBAC2CE6-CA35-4265-9FF3-7B9F5500CA6E}.Release|Any CPU.Build.0 = Release|Any CPU
		{CBAC2CE6-CA35-4265-9FF3-7B9F5500CA6E}.Debug|iPhoneSimulator.ActiveCfg = Debug|Any CPU
		{CBAC2CE6-CA35-4265-9FF3-7B9F5500CA6E}.Debug|iPhoneSimulator.Build.0 = Debug|Any CPU
		{CBAC2CE6-CA35-4265-9FF3-7B9F5500CA6E}.Release|iPhone.ActiveCfg = Release|Any CPU
		{CBAC2CE6-CA35-4265-9FF3-7B9F5500CA6E}.Release|iPhone.Build.0 = Release|Any CPU
		{CBAC2CE6-CA35-4265-9FF3-7B9F5500CA6E}.Release|iPhoneSimulator.ActiveCfg = Release|Any CPU
		{CBAC2CE6-CA35-4265-9FF3-7B9F5500CA6E}.Release|iPhoneSimulator.Build.0 = Release|Any CPU
		{CBAC2CE6-CA35-4265-9FF3-7B9F5500CA6E}.Debug|iPhone.ActiveCfg = Debug|Any CPU
		{CBAC2CE6-CA35-4265-9FF3-7B9F5500CA6E}.Debug|iPhone.Build.0 = Debug|Any CPU
		{829F6691-E872-41C9-9933-D76FCA00E2B0}.Debug|Any CPU.ActiveCfg = Debug|iPhoneSimulator
		{829F6691-E872-41C9-9933-D76FCA00E2B0}.Debug|Any CPU.Build.0 = Debug|iPhoneSimulator
		{829F6691-E872-41C9-9933-D76FCA00E2B0}.Release|Any CPU.ActiveCfg = Debug|iPhoneSimulator
		{829F6691-E872-41C9-9933-D76FCA00E2B0}.Release|Any CPU.Build.0 = Debug|iPhoneSimulator
		{829F6691-E872-41C9-9933-D76FCA00E2B0}.Debug|iPhoneSimulator.ActiveCfg = Debug|iPhoneSimulator
		{829F6691-E872-41C9-9933-D76FCA00E2B0}.Debug|iPhoneSimulator.Build.0 = Debug|iPhoneSimulator
		{829F6691-E872-41C9-9933-D76FCA00E2B0}.Release|iPhone.ActiveCfg = Release|iPhone
		{829F6691-E872-41C9-9933-D76FCA00E2B0}.Release|iPhone.Build.0 = Release|iPhone
		{829F6691-E872-41C9-9933-D76FCA00E2B0}.Release|iPhoneSimulator.ActiveCfg = Release|iPhoneSimulator
		{829F6691-E872-41C9-9933-D76FCA00E2B0}.Release|iPhoneSimulator.Build.0 = Release|iPhoneSimulator
		{829F6691-E872-41C9-9933-D76FCA00E2B0}.Debug|iPhone.ActiveCfg = Debug|iPhone
		{829F6691-E872-41C9-9933-D76FCA00E2B0}.Debug|iPhone.Build.0 = Debug|iPhone
		{997F63EF-D218-418E-9E85-70FF323A206F}.Debug|Any CPU.ActiveCfg = Debug|Any CPU
		{997F63EF-D218-418E-9E85-70FF323A206F}.Debug|Any CPU.Build.0 = Debug|Any CPU
		{997F63EF-D218-418E-9E85-70FF323A206F}.Release|Any CPU.ActiveCfg = Release|Any CPU
		{997F63EF-D218-418E-9E85-70FF323A206F}.Release|Any CPU.Build.0 = Release|Any CPU
		{997F63EF-D218-418E-9E85-70FF323A206F}.Debug|iPhoneSimulator.ActiveCfg = Debug|Any CPU
		{997F63EF-D218-418E-9E85-70FF323A206F}.Debug|iPhoneSimulator.Build.0 = Debug|Any CPU
		{997F63EF-D218-418E-9E85-70FF323A206F}.Release|iPhone.ActiveCfg = Release|Any CPU
		{997F63EF-D218-418E-9E85-70FF323A206F}.Release|iPhone.Build.0 = Release|Any CPU
		{997F63EF-D218-418E-9E85-70FF323A206F}.Release|iPhoneSimulator.ActiveCfg = Release|Any CPU
		{997F63EF-D218-418E-9E85-70FF323A206F}.Release|iPhoneSimulator.Build.0 = Release|Any CPU
		{997F63EF-D218-418E-9E85-70FF323A206F}.Debug|iPhone.ActiveCfg = Debug|Any CPU
		{997F63EF-D218-418E-9E85-70FF323A206F}.Debug|iPhone.Build.0 = Debug|Any CPU
	EndGlobalSection
EndGlobal
